
Microsoft Visual Studio Solution File, Format Version 12.00
# Visual Studio Version 17
VisualStudioVersion = 17.14.36623.8
MinimumVisualStudioVersion = 10.0.40219.1
Project("{FAE04EC0-301F-11D3-BF4B-00C04F79EFBC}") = "Domain", "Domain\Domain.csproj", "{37A6ED3E-8947-47DD-93EE-F68CD686FBA5}"
EndProject
Project("{FAE04EC0-301F-11D3-BF4B-00C04F79EFBC}") = "Application", "Application\Application.csproj", "{93512C97-5665-4F21-AB11-CB5A8D865A53}"
EndProject
Project("{FAE04EC0-301F-11D3-BF4B-00C04F79EFBC}") = "Infrastructure", "Infrastructure\Infrastructure.csproj", "{99793C9E-F2C8-4641-9C08-AB21BC584862}"
EndProject
Project("{FAE04EC0-301F-11D3-BF4B-00C04F79EFBC}") = "API", "API\API.csproj", "{9E233B84-51CC-4861-AC07-DF5FEFA4F1F0}"
EndProject
Project("{FAE04EC0-301F-11D3-BF4B-00C04F79EFBC}") = "Api.Tests", "Tests\Api.Tests.csproj", "{F80B1E39-399A-26A9-51A6-62D620CB2DEB}"
EndProject
Global
	GlobalSection(SolutionConfigurationPlatforms) = preSolution
		Debug|Any CPU = Debug|Any CPU
		Release|Any CPU = Release|Any CPU
	EndGlobalSection
	GlobalSection(ProjectConfigurationPlatforms) = postSolution
		{37A6ED3E-8947-47DD-93EE-F68CD686FBA5}.Debug|Any CPU.ActiveCfg = Debug|Any CPU
		{37A6ED3E-8947-47DD-93EE-F68CD686FBA5}.Debug|Any CPU.Build.0 = Debug|Any CPU
		{37A6ED3E-8947-47DD-93EE-F68CD686FBA5}.Release|Any CPU.ActiveCfg = Release|Any CPU
		{37A6ED3E-8947-47DD-93EE-F68CD686FBA5}.Release|Any CPU.Build.0 = Release|Any CPU
		{93512C97-5665-4F21-AB11-CB5A8D865A53}.Debug|Any CPU.ActiveCfg = Debug|Any CPU
		{93512C97-5665-4F21-AB11-CB5A8D865A53}.Debug|Any CPU.Build.0 = Debug|Any CPU
		{93512C97-5665-4F21-AB11-CB5A8D865A53}.Release|Any CPU.ActiveCfg = Release|Any CPU
		{93512C97-5665-4F21-AB11-CB5A8D865A53}.Release|Any CPU.Build.0 = Release|Any CPU
		{99793C9E-F2C8-4641-9C08-AB21BC584862}.Debug|Any CPU.ActiveCfg = Debug|Any CPU
		{99793C9E-F2C8-4641-9C08-AB21BC584862}.Debug|Any CPU.Build.0 = Debug|Any CPU
		{99793C9E-F2C8-4641-9C08-AB21BC584862}.Release|Any CPU.ActiveCfg = Release|Any CPU
		{99793C9E-F2C8-4641-9C08-AB21BC584862}.Release|Any CPU.Build.0 = Release|Any CPU
		{9E233B84-51CC-4861-AC07-DF5FEFA4F1F0}.Debug|Any CPU.ActiveCfg = Debug|Any CPU
		{9E233B84-51CC-4861-AC07-DF5FEFA4F1F0}.Debug|Any CPU.Build.0 = Debug|Any CPU
		{9E233B84-51CC-4861-AC07-DF5FEFA4F1F0}.Release|Any CPU.ActiveCfg = Release|Any CPU
		{9E233B84-51CC-4861-AC07-DF5FEFA4F1F0}.Release|Any CPU.Build.0 = Release|Any CPU
		{F80B1E39-399A-26A9-51A6-62D620CB2DEB}.Debug|Any CPU.ActiveCfg = Debug|Any CPU
		{F80B1E39-399A-26A9-51A6-62D620CB2DEB}.Debug|Any CPU.Build.0 = Debug|Any CPU
		{F80B1E39-399A-26A9-51A6-62D620CB2DEB}.Release|Any CPU.ActiveCfg = Release|Any CPU
		{F80B1E39-399A-26A9-51A6-62D620CB2DEB}.Release|Any CPU.Build.0 = Release|Any CPU
	EndGlobalSection
	GlobalSection(SolutionProperties) = preSolution
		HideSolutionNode = FALSE
	EndGlobalSection
	GlobalSection(ExtensibilityGlobals) = postSolution
		SolutionGuid = {2ECFC65F-8837-48C2-B13D-F209C6D82960}
	EndGlobalSection
EndGlobal
